{
  "name": "notion2hugo",
  "lockfileVersion": 3,
  "requires": true,
  "packages": {
    "": {
      "dependencies": {
        "notion-to-md": "^2.5.5"
      }
    },
    "node_modules/markdown-table": {
      "version": "2.0.0",
      "resolved": "https://registry.npmmirror.com/markdown-table/-/markdown-table-2.0.0.tgz",
      "integrity": "sha512-Ezda85ToJUBhM6WGaG6veasyym+Tbs3cMAw/ZhOPqXiYsr0jgocBV3j3nx+4lk47plLlIqjwuTm/ywVI+zjJ/A==",
      "license": "MIT",
      "dependencies": {
        "repeat-string": "^1.0.0"
      },
      "funding": {
        "type": "github",
        "url": "https://github.com/sponsors/wooorm"
      }
    },
    "node_modules/notion-to-md": {
      "version": "2.5.5",
      "resolved": "https://registry.npmmirror.com/notion-to-md/-/notion-to-md-2.5.5.tgz",
      "integrity": "sha512-EdzuNZpJyc+287ItRALOld90RkshWBDiSA0WThf75z98Y8cyynhu6Hg+h377eD5K4UOSQHy5K0SUV4vGdCxCiA==",
      "dependencies": {
        "markdown-table": "^2.0.0"
      },
      "engines": {
        "node": ">=12"
      }
    },
    "node_modules/repeat-string": {
      "version": "1.6.1",
      "resolved": "https://registry.npmmirror.com/repeat-string/-/repeat-string-1.6.1.tgz",
      "integrity": "sha512-PV0dzCYDNfRi1jCDbJzpW7jNNDRuCOG/jI5ctQcGKt/clZD+YcPS3yIlWuTJMmESC8aevCFmWJy5wjAFgNqN6w==",
      "license": "MIT",
      "engines": {
        "node": ">=0.10"
      }
    }
  }
}